Microsoft Visual Studio Solution File, Format Version 12.00
# Visual Studio Version 17
VisualStudioVersion = 17.5.2.0
MinimumVisualStudioVersion = 10.0.40219.1
Project("{FAE04EC0-301F-11D3-BF4B-00C04F79EFBC}") = "Questao5", "Questao5.csproj", "{FFF8C70E-3474-3347-D575-25ABCF322995}"
EndProject
Global
	GlobalSection(SolutionConfigurationPlatforms) = preSolution
		Debug|Any CPU = Debug|Any CPU
		Release|Any CPU = Release|Any CPU
	EndGlobalSection
	GlobalSection(ProjectConfigurationPlatforms) = postSolution
		{FFF8C70E-3474-3347-D575-25ABCF322995}.Debug|Any CPU.ActiveCfg = Debug|Any CPU
		{FFF8C70E-3474-3347-D575-25ABCF322995}.Debug|Any CPU.Build.0 = Debug|Any CPU
		{FFF8C70E-3474-3347-D575-25ABCF322995}.Release|Any CPU.ActiveCfg = Release|Any CPU
		{FFF8C70E-3474-3347-D575-25ABCF322995}.Release|Any CPU.Build.0 = Release|Any CPU
	EndGlobalSection
	GlobalSection(SolutionProperties) = preSolution
		HideSolutionNode = FALSE
	EndGlobalSection
	GlobalSection(ExtensibilityGlobals) = postSolution
		SolutionGuid = {6211E483-1003-4171-AA00-0ADF3CF22618}
	EndGlobalSection
EndGlobal
